{
  "originHash" : "b44f1be05143b629e8c14dc0d37fd7c3f0a534f15fe3514e353359e73b334c20",
  "pins" : [
    {
      "identity" : "indexstore",
      "kind" : "remoteSourceControl",
      "location" : "https://github.com/CheekyGhost-Labs/IndexStore.git",
      "state" : {
        "branch" : "release/3.0",
        "revision" : "110615e5e47ef723b52b9f27266886d4985857bc"
      }
    },
    {
      "identity" : "indexstore-db",
      "kind" : "remoteSourceControl",
      "location" : "https://github.com/swiftlang/indexstore-db.git",
      "state" : {
        "branch" : "swift-6.1-RELEASE",
        "revision" : "54212fce1aecb199070808bdb265e7f17e396015"
      }
    },
    {
      "identity" : "swift-argument-parser",
      "kind" : "remoteSourceControl",
      "location" : "https://github.com/apple/swift-argument-parser",
      "state" : {
        "revision" : "309a47b2b1d9b5e991f36961c983ecec72275be3",
        "version" : "1.6.1"
      }
    },
    {
      "identity" : "swift-syntax",
      "kind" : "remoteSourceControl",
      "location" : "https://github.com/apple/swift-syntax",
      "state" : {
        "revision" : "2bc86522d115234d1f588efe2bcb4ce4be8f8b82",
        "version" : "510.0.3"
      }
    },
    {
      "identity" : "swift-tools-support-core",
      "kind" : "remoteSourceControl",
      "location" : "https://github.com/apple/swift-tools-support-core.git",
      "state" : {
        "revision" : "5b130e04cc939373c4713b91704b0c47ceb36170",
        "version" : "0.7.1"
      }
    }
  ],
  "version" : 3
}
